
Microsoft Visual Studio Solution File, Format Version 12.00
# Visual Studio Version 16
VisualStudioVersion = 16.0.30907.101
MinimumVisualStudioVersion = 10.0.40219.1
Project("{9A19103F-16F7-4668-BE54-9A1E7A4F7556}") = "Shopping.Client", "Shopping.Client\Shopping.Client.csproj", "{192FF95A-69B8-4332-B1C6-1D334C6D8634}"
EndProject
Project("{9A19103F-16F7-4668-BE54-9A1E7A4F7556}") = "Shopping.API", "Shopping.API\Shopping.API.csproj", "{B87BB9E3-9546-4C08-9F52-2C874BA5879F}"
EndProject
Project("{E53339B2-1760-4266-BCC7-CA923CBCF16C}") = "docker-compose", "docker-compose.dcproj", "{E2C6D69F-B9CF-4296-A04E-989F0EF954EA}"
EndProject
Global
	GlobalSection(SolutionConfigurationPlatforms) = preSolution
		Debug|Any CPU = Debug|Any CPU
		Release|Any CPU = Release|Any CPU
	EndGlobalSection
	GlobalSection(ProjectConfigurationPlatforms) = postSolution
		{192FF95A-69B8-4332-B1C6-1D334C6D8634}.Debug|Any CPU.ActiveCfg = Debug|Any CPU
		{192FF95A-69B8-4332-B1C6-1D334C6D8634}.Debug|Any CPU.Build.0 = Debug|Any CPU
		{192FF95A-69B8-4332-B1C6-1D334C6D8634}.Release|Any CPU.ActiveCfg = Release|Any CPU
		{192FF95A-69B8-4332-B1C6-1D334C6D8634}.Release|Any CPU.Build.0 = Release|Any CPU
		{B87BB9E3-9546-4C08-9F52-2C874BA5879F}.Debug|Any CPU.ActiveCfg = Debug|Any CPU
		{B87BB9E3-9546-4C08-9F52-2C874BA5879F}.Debug|Any CPU.Build.0 = Debug|Any CPU
		{B87BB9E3-9546-4C08-9F52-2C874BA5879F}.Release|Any CPU.ActiveCfg = Release|Any CPU
		{B87BB9E3-9546-4C08-9F52-2C874BA5879F}.Release|Any CPU.Build.0 = Release|Any CPU
		{E2C6D69F-B9CF-4296-A04E-989F0EF954EA}.Debug|Any CPU.ActiveCfg = Debug|Any CPU
		{E2C6D69F-B9CF-4296-A04E-989F0EF954EA}.Debug|Any CPU.Build.0 = Debug|Any CPU
		{E2C6D69F-B9CF-4296-A04E-989F0EF954EA}.Release|Any CPU.ActiveCfg = Release|Any CPU
		{E2C6D69F-B9CF-4296-A04E-989F0EF954EA}.Release|Any CPU.Build.0 = Release|Any CPU
	EndGlobalSection
	GlobalSection(SolutionProperties) = preSolution
		HideSolutionNode = FALSE
	EndGlobalSection
	GlobalSection(ExtensibilityGlobals) = postSolution
		SolutionGuid = {CB8E1D89-B06E-41BD-879D-6D763B92CF9C}
	EndGlobalSection
EndGlobal
